<?xml version="1.0" encoding="utf-8"?>
<Project ToolsVersion="4.0" xmlns="http://schemas.microsoft.com/developer/msbuild/2003">
  <ItemGroup>
    <Filter Include="소스 파일">
      <UniqueIdentifier>{4FC737F1-C7A5-4376-A066-2A32D752A2FF}</UniqueIdentifier>
      <Extensions>cpp;c;cc;cxx;c++;cppm;ixx;def;odl;idl;hpj;bat;asm;asmx</Extensions>
    </Filter>
    <Filter Include="헤더 파일">
      <UniqueIdentifier>{93995380-89BD-4b04-88EB-625FBE52EBFB}</UniqueIdentifier>
      <Extensions>h;hh;hpp;hxx;h++;hm;inl;inc;ipp;xsd</Extensions>
    </Filter>
    <Filter Include="리소스 파일">
      <UniqueIdentifier>{67DA6AB6-F800-4c08-8B7A-83BB121AAD01}</UniqueIdentifier>
      <Extensions>rc;ico;cur;bmp;dlg;rc2;rct;bin;rgs;gif;jpg;jpeg;jpe;resx;tiff;tif;png;wav;mfcribbon-ms</Extensions>
    </Filter>
    <Filter Include="Dialog">
      <UniqueIdentifier>{24c33e46-c82f-4f5a-b325-f70c13171def}</UniqueIdentifier>
    </Filter>
    <Filter Include="View">
      <UniqueIdentifier>{bbb16479-1da3-442b-bf1b-5c370bd285c5}</UniqueIdentifier>
    </Filter>
    <Filter Include="Network">
      <UniqueIdentifier>{a0015295-42d2-46b5-a858-1c325b886698}</UniqueIdentifier>
    </Filter>
    <Filter Include="Edit">
      <UniqueIdentifier>{f502c29d-53ef-4abf-8ea6-947e6917672d}</UniqueIdentifier>
    </Filter>
    <Filter Include="Monster">
      <UniqueIdentifier>{2f3fa661-e104-4fa2-9975-fbe8610ab8c1}</UniqueIdentifier>
    </Filter>
    <Filter Include="Portal">
      <UniqueIdentifier>{4e68ae6c-68d6-4eed-9d00-2f3a32caa7a6}</UniqueIdentifier>
    </Filter>
    <Filter Include="User">
      <UniqueIdentifier>{3bada653-fc8e-4338-9548-df4411be772a}</UniqueIdentifier>
    </Filter>
    <Filter Include="OtherPlayer">
      <UniqueIdentifier>{60b116f3-11b7-4f42-9c3f-c5a132fe71be}</UniqueIdentifier>
    </Filter>
  </ItemGroup>
  <ItemGroup>
    <ClInclude Include="MMORPG_Client.h">
      <Filter>헤더 파일</Filter>
    </ClInclude>
    <ClInclude Include="framework.h">
      <Filter>헤더 파일</Filter>
    </ClInclude>
    <ClInclude Include="targetver.h">
      <Filter>헤더 파일</Filter>
    </ClInclude>
    <ClInclude Include="Resource.h">
      <Filter>헤더 파일</Filter>
    </ClInclude>
    <ClInclude Include="pch.h">
      <Filter>헤더 파일</Filter>
    </ClInclude>
    <ClInclude Include="packet.h">
      <Filter>헤더 파일</Filter>
    </ClInclude>
    <ClInclude Include="Define.h">
      <Filter>헤더 파일</Filter>
    </ClInclude>
    <ClInclude Include="Ringbuffer.h">
      <Filter>헤더 파일</Filter>
    </ClInclude>
    <ClInclude Include="Util.h">
      <Filter>헤더 파일</Filter>
    </ClInclude>
    <ClInclude Include="Vector3.h">
      <Filter>헤더 파일</Filter>
    </ClInclude>
    <ClInclude Include="CLoginDialog.h">
      <Filter>Dialog</Filter>
    </ClInclude>
    <ClInclude Include="CNicknameDialog.h">
      <Filter>Dialog</Filter>
    </ClInclude>
    <ClInclude Include="CSignUpDialog.h">
      <Filter>Dialog</Filter>
    </ClInclude>
    <ClInclude Include="MMORPG_ClientDlg.h">
      <Filter>Dialog</Filter>
    </ClInclude>
    <ClInclude Include="CTestView.h">
      <Filter>View</Filter>
    </ClInclude>
    <ClInclude Include="Network.h">
      <Filter>Network</Filter>
    </ClInclude>
    <ClInclude Include="CChatInputEdit.h">
      <Filter>Edit</Filter>
    </ClInclude>
    <ClInclude Include="Monster.h">
      <Filter>Monster</Filter>
    </ClInclude>
    <ClInclude Include="Portal.h">
      <Filter>Portal</Filter>
    </ClInclude>
    <ClInclude Include="CCharacterSelectDialog.h">
      <Filter>Dialog</Filter>
    </ClInclude>
    <ClInclude Include="User.h">
      <Filter>User</Filter>
    </ClInclude>
    <ClInclude Include="CCreateCharacterDialog.h">
      <Filter>Dialog</Filter>
    </ClInclude>
    <ClInclude Include="CRankingDialog.h">
      <Filter>Dialog</Filter>
    </ClInclude>
    <ClInclude Include="OtherPlayer.h">
      <Filter>OtherPlayer</Filter>
    </ClInclude>
  </ItemGroup>
  <ItemGroup>
    <ClCompile Include="MMORPG_Client.cpp">
      <Filter>소스 파일</Filter>
    </ClCompile>
    <ClCompile Include="pch.cpp">
      <Filter>소스 파일</Filter>
    </ClCompile>
    <ClCompile Include="CLoginDialog.cpp">
      <Filter>Dialog</Filter>
    </ClCompile>
    <ClCompile Include="CNicknameDialog.cpp">
      <Filter>Dialog</Filter>
    </ClCompile>
    <ClCompile Include="CSignUpDialog.cpp">
      <Filter>Dialog</Filter>
    </ClCompile>
    <ClCompile Include="MMORPG_ClientDlg.cpp">
      <Filter>Dialog</Filter>
    </ClCompile>
    <ClCompile Include="CTestView.cpp">
      <Filter>View</Filter>
    </ClCompile>
    <ClCompile Include="Network.cpp">
      <Filter>Network</Filter>
    </ClCompile>
    <ClCompile Include="CChatInputEdit.cpp">
      <Filter>Edit</Filter>
    </ClCompile>
    <ClCompile Include="Monster.cpp">
      <Filter>Monster</Filter>
    </ClCompile>
    <ClCompile Include="Portal.cpp">
      <Filter>Portal</Filter>
    </ClCompile>
    <ClCompile Include="CCharacterSelectDialog.cpp">
      <Filter>Dialog</Filter>
    </ClCompile>
    <ClCompile Include="User.cpp">
      <Filter>User</Filter>
    </ClCompile>
    <ClCompile Include="CCreateCharacterDialog.cpp">
      <Filter>Dialog</Filter>
    </ClCompile>
    <ClCompile Include="CRankingDialog.cpp">
      <Filter>Dialog</Filter>
    </ClCompile>
    <ClCompile Include="OtherPlayer.cpp">
      <Filter>OtherPlayer</Filter>
    </ClCompile>
  </ItemGroup>
  <ItemGroup>
    <ResourceCompile Include="MMORPGClient.rc">
      <Filter>리소스 파일</Filter>
    </ResourceCompile>
  </ItemGroup>
  <ItemGroup>
    <None Include="res\MMORPGClient.rc2">
      <Filter>리소스 파일</Filter>
    </None>
  </ItemGroup>
  <ItemGroup>
    <Image Include="res\MMORPG_Client.ico">
      <Filter>리소스 파일</Filter>
    </Image>
  </ItemGroup>
</Project>